// !$*UTF8*$!
{
	archiveVersion = 1;
	classes = {
	};
	objectVersion = 51;
	objects = {

/* Begin PBXBuildFile section */
		65B7443398475373D03A79DD /* Pods_Quest_game.framework in Frameworks */ = {isa = PBXBuildFile; fileRef = A1B5F3A3A5DF33A55873B40C /* Pods_Quest_game.framework */; };
		84B614D9263B75F100012CA6 /* Client.swift in Sources */ = {isa = PBXBuildFile; fileRef = 84B614D8263B75F100012CA6 /* Client.swift */; };
		84F983632639F1E800628EA7 /* AppDelegate.swift in Sources */ = {isa = PBXBuildFile; fileRef = 84F983622639F1E800628EA7 /* AppDelegate.swift */; };
		84F983652639F1E800628EA7 /* SceneDelegate.swift in Sources */ = {isa = PBXBuildFile; fileRef = 84F983642639F1E800628EA7 /* SceneDelegate.swift */; };
		84F983672639F1E800628EA7 /* ViewController.swift in Sources */ = {isa = PBXBuildFile; fileRef = 84F983662639F1E800628EA7 /* ViewController.swift */; };
		84F9836A2639F1E800628EA7 /* Main.storyboard in Resources */ = {isa = PBXBuildFile; fileRef = 84F983682639F1E800628EA7 /* Main.storyboard */; };
		84F9836C2639F1E900628EA7 /* Assets.xcassets in Resources */ = {isa = PBXBuildFile; fileRef = 84F9836B2639F1E900628EA7 /* Assets.xcassets */; };
		84F9836F2639F1E900628EA7 /* LaunchScreen.storyboard in Resources */ = {isa = PBXBuildFile; fileRef = 84F9836D2639F1E900628EA7 /* LaunchScreen.storyboard */; };
/* End PBXBuildFile section */

/* Begin PBXFileReference section */
		0BB6C46A79D5D0DA9C35CCEC /* Pods-Quest_game.release.xcconfig */ = {isa = PBXFileReference; includeInIndex = 1; lastKnownFileType = text.xcconfig; name = "Pods-Quest_game.release.xcconfig"; path = "Target Support Files/Pods-Quest_game/Pods-Quest_game.release.xcconfig"; sourceTree = "<group>"; };
		84B614D8263B75F100012CA6 /* Client.swift */ = {isa = PBXFileReference; lastKnownFileType = sourcecode.swift; path = Client.swift; sourceTree = "<group>"; };
		84F9835F2639F1E800628EA7 /* Quest_game.app */ = {isa = PBXFileReference; explicitFileType = wrapper.application; includeInIndex = 0; path = Quest_game.app; sourceTree = BUILT_PRODUCTS_DIR; };
		84F983622639F1E800628EA7 /* AppDelegate.swift */ = {isa = PBXFileReference; lastKnownFileType = sourcecode.swift; path = AppDelegate.swift; sourceTree = "<group>"; };
		84F983642639F1E800628EA7 /* SceneDelegate.swift */ = {isa = PBXFileReference; lastKnownFileType = sourcecode.swift; path = SceneDelegate.swift; sourceTree = "<group>"; };
		84F983662639F1E800628EA7 /* ViewController.swift */ = {isa = PBXFileReference; lastKnownFileType = sourcecode.swift; path = ViewController.swift; sourceTree = "<group>"; };
		84F983692639F1E800628EA7 /* Base */ = {isa = PBXFileReference; lastKnownFileType = file.storyboard; name = Base; path = Base.lproj/Main.storyboard; sourceTree = "<group>"; };
		84F9836B2639F1E900628EA7 /* Assets.xcassets */ = {isa = PBXFileReference; lastKnownFileType = folder.assetcatalog; path = Assets.xcassets; sourceTree = "<group>"; };
		84F9836E2639F1E900628EA7 /* Base */ = {isa = PBXFileReference; lastKnownFileType = file.storyboard; name = Base; path = Base.lproj/LaunchScreen.storyboard; sourceTree = "<group>"; };
		84F983702639F1E900628EA7 /* Info.plist */ = {isa = PBXFileReference; lastKnownFileType = text.plist.xml; path = Info.plist; sourceTree = "<group>"; };
		99FC96B3C451DD18EC230BBB /* Pods-Quest_game.debug.xcconfig */ = {isa = PBXFileReference; includeInIndex = 1; lastKnownFileType = text.xcconfig; name = "Pods-Quest_game.debug.xcconfig"; path = "Target Support Files/Pods-Quest_game/Pods-Quest_game.debug.xcconfig"; sourceTree = "<group>"; };
		A1B5F3A3A5DF33A55873B40C /* Pods_Quest_game.framework */ = {isa = PBXFileReference; explicitFileType = wrapper.framework; includeInIndex = 0; path = Pods_Quest_game.framework; sourceTree = BUILT_PRODUCTS_DIR; };
/* End PBXFileReference section */

/* Begin PBXFrameworksBuildPhase section */
		84F9835C2639F1E800628EA7 /* Frameworks */ = {
			isa = PBXFrameworksBuildPhase;
			buildActionMask = 2147483647;
			files = (
				65B7443398475373D03A79DD /* Pods_Quest_game.framework in Frameworks */,
			);
			runOnlyForDeploymentPostprocessing = 0;
		};
/* End PBXFrameworksBuildPhase section */

/* Begin PBXGroup section */
		844822CC263F45C20054C5FD /* Client */ = {
			isa = PBXGroup;
			children = (
				84B614D8263B75F100012CA6 /* Client.swift */,
			);
			path = Client;
			sourceTree = "<group>";
		};
		84F983562639F1E800628EA7 = {
			isa = PBXGroup;
			children = (
				84F983612639F1E800628EA7 /* Quest_game */,
				84F983602639F1E800628EA7 /* Products */,
				F95E3293C8E36106CC9DA114 /* Pods */,
				BE54327AFC14D0645E33811C /* Frameworks */,
			);
			sourceTree = "<group>";
		};
		84F983602639F1E800628EA7 /* Products */ = {
			isa = PBXGroup;
			children = (
				84F9835F2639F1E800628EA7 /* Quest_game.app */,
			);
			name = Products;
			sourceTree = "<group>";
		};
		84F983612639F1E800628EA7 /* Quest_game */ = {
			isa = PBXGroup;
			children = (
				844822CC263F45C20054C5FD /* Client */,
				84F983622639F1E800628EA7 /* AppDelegate.swift */,
				84F983642639F1E800628EA7 /* SceneDelegate.swift */,
				84F983662639F1E800628EA7 /* ViewController.swift */,
				84F983682639F1E800628EA7 /* Main.storyboard */,
				84F9836B2639F1E900628EA7 /* Assets.xcassets */,
				84F9836D2639F1E900628EA7 /* LaunchScreen.storyboard */,
				84F983702639F1E900628EA7 /* Info.plist */,
			);
			path = Quest_game;
			sourceTree = "<group>";
		};
		BE54327AFC14D0645E33811C /* Frameworks */ = {
			isa = PBXGroup;
			children = (
				A1B5F3A3A5DF33A55873B40C /* Pods_Quest_game.framework */,
			);
			name = Frameworks;
			sourceTree = "<group>";
		};
		F95E3293C8E36106CC9DA114 /* Pods */ = {
			isa = PBXGroup;
			children = (
				99FC96B3C451DD18EC230BBB /* Pods-Quest_game.debug.xcconfig */,
				0BB6C46A79D5D0DA9C35CCEC /* Pods-Quest_game.release.xcconfig */,
			);
			path = Pods;
			sourceTree = "<group>";
		};
/* End PBXGroup section */

/* Begin PBXNativeTarget section */
		84F9835E2639F1E800628EA7 /* Quest_game */ = {
			isa = PBXNativeTarget;
			buildConfigurationList = 84F983732639F1E900628EA7 /* Build configuration list for PBXNativeTarget "Quest_game" */;
			buildPhases = (
				E210A0C5091E847F040ABF5D /* [CP] Check Pods Manifest.lock */,
				84F9835B2639F1E800628EA7 /* Sources */,
				84F9835C2639F1E800628EA7 /* Frameworks */,
				84F9835D2639F1E800628EA7 /* Resources */,
				BF5279D84296B6BFF1F316CB /* [CP] Embed Pods Frameworks */,
			);
			buildRules = (
			);
			dependencies = (
			);
			name = Quest_game;
			productName = Quest_game;
			productReference = 84F9835F2639F1E800628EA7 /* Quest_game.app */;
			productType = "com.apple.product-type.application";
		};
/* End PBXNativeTarget section */

/* Begin PBXProject section */
		84F983572639F1E800628EA7 /* Project object */ = {
			isa = PBXProject;
			attributes = {
				LastSwiftUpdateCheck = 1240;
				LastUpgradeCheck = 1240;
				TargetAttributes = {
					84F9835E2639F1E800628EA7 = {
						CreatedOnToolsVersion = 12.4;
					};
				};
			};
			buildConfigurationList = 84F9835A2639F1E800628EA7 /* Build configuration list for PBXProject "Quest_game" */;
			compatibilityVersion = "Xcode 9.3";
			developmentRegion = en;
			hasScannedForEncodings = 0;
			knownRegions = (
				en,
				Base,
			);
			mainGroup = 84F983562639F1E800628EA7;
			productRefGroup = 84F983602639F1E800628EA7 /* Products */;
			projectDirPath = "";
			projectRoot = "";
			targets = (
				84F9835E2639F1E800628EA7 /* Quest_game */,
			);
		};
/* End PBXProject section */

/* Begin PBXResourcesBuildPhase section */
		84F9835D2639F1E800628EA7 /* Resources */ = {
			isa = PBXResourcesBuildPhase;
			buildActionMask = 2147483647;
			files = (
				84F9836F2639F1E900628EA7 /* LaunchScreen.storyboard in Resources */,
				84F9836C2639F1E900628EA7 /* Assets.xcassets in Resources */,
				84F9836A2639F1E800628EA7 /* Main.storyboard in Resources */,
			);
			runOnlyForDeploymentPostprocessing = 0;
		};
/* End PBXResourcesBuildPhase section */

/* Begin PBXShellScriptBuildPhase section */
		BF5279D84296B6BFF1F316CB /* [CP] Embed Pods Frameworks */ = {
			isa = PBXShellScriptBuildPhase;
			buildActionMask = 2147483647;
			files = (
			);
			inputFileListPaths = (
				"${PODS_ROOT}/Target Support Files/Pods-Quest_game/Pods-Quest_game-frameworks-${CONFIGURATION}-input-files.xcfilelist",
			);
			name = "[CP] Embed Pods Frameworks";
			outputFileListPaths = (
				"${PODS_ROOT}/Target Support Files/Pods-Quest_game/Pods-Quest_game-frameworks-${CONFIGURATION}-output-files.xcfilelist",
			);
			runOnlyForDeploymentPostprocessing = 0;
			shellPath = /bin/sh;
			shellScript = "\"${PODS_ROOT}/Target Support Files/Pods-Quest_game/Pods-Quest_game-frameworks.sh\"\n";
			showEnvVarsInLog = 0;
		};
		E210A0C5091E847F040ABF5D /* [CP] Check Pods Manifest.lock */ = {
			isa = PBXShellScriptBuildPhase;
			buildActionMask = 2147483647;
			files = (
			);
			inputFileListPaths = (
			);
			inputPaths = (
				"${PODS_PODFILE_DIR_PATH}/Podfile.lock",
				"${PODS_ROOT}/Manifest.lock",
			);
			name = "[CP] Check Pods Manifest.lock";
			outputFileListPaths = (
			);
			outputPaths = (
				"$(DERIVED_FILE_DIR)/Pods-Quest_game-checkManifestLockResult.txt",
			);
			runOnlyForDeploymentPostprocessing = 0;
			shellPath = /bin/sh;
			shellScript = "diff \"${PODS_PODFILE_DIR_PATH}/Podfile.lock\" \"${PODS_ROOT}/Manifest.lock\" > /dev/null\nif [ $? != 0 ] ; then\n    # print error to STDERR\n    echo \"error: The sandbox is not in sync with the Podfile.lock. Run 'pod install' or update your CocoaPods installation.\" >&2\n    exit 1\nfi\n# This output is used by Xcode 'outputs' to avoid re-running this script phase.\necho \"SUCCESS\" > \"${SCRIPT_OUTPUT_FILE_0}\"\n";
			showEnvVarsInLog = 0;
		};
/* End PBXShellScriptBuildPhase section */

/* Begin PBXSourcesBuildPhase section */
		84F9835B2639F1E800628EA7 /* Sources */ = {
			isa = PBXSourcesBuildPhase;
			buildActionMask = 2147483647;
			files = (
				84F983672639F1E800628EA7 /* ViewController.swift in Sources */,
				84F983632639F1E800628EA7 /* AppDelegate.swift in Sources */,
				84B614D9263B75F100012CA6 /* Client.swift in Sources */,
				84F983652639F1E800628EA7 /* SceneDelegate.swift in Sources */,
			);
			runOnlyForDeploymentPostprocessing = 0;
		};
/* End PBXSourcesBuildPhase section */

/* Begin PBXVariantGroup section */
		84F983682639F1E800628EA7 /* Main.storyboard */ = {
			isa = PBXVariantGroup;
			children = (
				84F983692639F1E800628EA7 /* Base */,
			);
			name = Main.storyboard;
			sourceTree = "<group>";
		};
		84F9836D2639F1E900628EA7 /* LaunchScreen.storyboard */ = {
			isa = PBXVariantGroup;
			children = (
				84F9836E2639F1E900628EA7 /* Base */,
			);
			name = LaunchScreen.storyboard;
			sourceTree = "<group>";
		};
/* End PBXVariantGroup section */

/* Begin XCBuildConfiguration section */
		84F983712639F1E900628EA7 /* Debug */ = {
			isa = XCBuildConfiguration;
			buildSettings = {
				ALWAYS_SEARCH_USER_PATHS = NO;
				CLANG_ANALYZER_NONNULL = YES;
				CLANG_ANALYZER_NUMBER_OBJECT_CONVERSION = YES_AGGRESSIVE;
				CLANG_CXX_LANGUAGE_STANDARD = "gnu++14";
				CLANG_CXX_LIBRARY = "libc++";
				CLANG_ENABLE_MODULES = YES;
				CLANG_ENABLE_OBJC_ARC = YES;
				CLANG_ENABLE_OBJC_WEAK = YES;
				CLANG_WARN_BLOCK_CAPTURE_AUTORELEASING = YES;
				CLANG_WARN_BOOL_CONVERSION = YES;
				CLANG_WARN_COMMA = YES;
				CLANG_WARN_CONSTANT_CONVERSION = YES;
				CLANG_WARN_DEPRECATED_OBJC_IMPLEMENTATIONS = YES;
				CLANG_WARN_DIRECT_OBJC_ISA_USAGE = YES_ERROR;
				CLANG_WARN_DOCUMENTATION_COMMENTS = YES;
				CLANG_WARN_EMPTY_BODY = YES;
				CLANG_WARN_ENUM_CONVERSION = YES;
				CLANG_WARN_INFINITE_RECURSION = YES;
				CLANG_WARN_INT_CONVERSION = YES;
				CLANG_WARN_NON_LITERAL_NULL_CONVERSION = YES;
				CLANG_WARN_OBJC_IMPLICIT_RETAIN_SELF = YES;
				CLANG_WARN_OBJC_LITERAL_CONVERSION = YES;
				CLANG_WARN_OBJC_ROOT_CLASS = YES_ERROR;
				CLANG_WARN_QUOTED_INCLUDE_IN_FRAMEWORK_HEADER = YES;
				CLANG_WARN_RANGE_LOOP_ANALYSIS = YES;
				CLANG_WARN_STRICT_PROTOTYPES = YES;
				CLANG_WARN_SUSPICIOUS_MOVE = YES;
				CLANG_WARN_UNGUARDED_AVAILABILITY = YES_AGGRESSIVE;
				CLANG_WARN_UNREACHABLE_CODE = YES;
				CLANG_WARN__DUPLICATE_METHOD_MATCH = YES;
				COPY_PHASE_STRIP = NO;
				DEBUG_INFORMATION_FORMAT = dwarf;
				ENABLE_STRICT_OBJC_MSGSEND = YES;
				ENABLE_TESTABILITY = YES;
				GCC_C_LANGUAGE_STANDARD = gnu11;
				GCC_DYNAMIC_NO_PIC = NO;
				GCC_NO_COMMON_BLOCKS = YES;
				GCC_OPTIMIZATION_LEVEL = 0;
				GCC_PREPROCESSOR_DEFINITIONS = (
					"DEBUG=1",
					"$(inherited)",
				);
				GCC_WARN_64_TO_32_BIT_CONVERSION = YES;
				GCC_WARN_ABOUT_RETURN_TYPE = YES_ERROR;
				GCC_WARN_UNDECLARED_SELECTOR = YES;
				GCC_WARN_UNINITIALIZED_AUTOS = YES_AGGRESSIVE;
				GCC_WARN_UNUSED_FUNCTION = YES;
				GCC_WARN_UNUSED_VARIABLE = YES;
				IPHONEOS_DEPLOYMENT_TARGET = 14.4;
				MTL_ENABLE_DEBUG_INFO = INCLUDE_SOURCE;
				MTL_FAST_MATH = YES;
				ONLY_ACTIVE_ARCH = YES;
				SDKROOT = iphoneos;
				SWIFT_ACTIVE_COMPILATION_CONDITIONS = DEBUG;
				SWIFT_OPTIMIZATION_LEVEL = "-Onone";
			};
			name = Debug;
		};
		84F983722639F1E900628EA7 /* Release */ = {
			isa = XCBuildConfiguration;
			buildSettings = {
				ALWAYS_SEARCH_USER_PATHS = NO;
				CLANG_ANALYZER_NONNULL = YES;
				CLANG_ANALYZER_NUMBER_OBJECT_CONVERSION = YES_AGGRESSIVE;
				CLANG_CXX_LANGUAGE_STANDARD = "gnu++14";
				CLANG_CXX_LIBRARY = "libc++";
				CLANG_ENABLE_MODULES = YES;
				CLANG_ENABLE_OBJC_ARC = YES;
				CLANG_ENABLE_OBJC_WEAK = YES;
				CLANG_WARN_BLOCK_CAPTURE_AUTORELEASING = YES;
				CLANG_WARN_BOOL_CONVERSION = YES;
				CLANG_WARN_COMMA = YES;
				CLANG_WARN_CONSTANT_CONVERSION = YES;
				CLANG_WARN_DEPRECATED_OBJC_IMPLEMENTATIONS = YES;
				CLANG_WARN_DIRECT_OBJC_ISA_USAGE = YES_ERROR;
				CLANG_WARN_DOCUMENTATION_COMMENTS = YES;
				CLANG_WARN_EMPTY_BODY = YES;
				CLANG_WARN_ENUM_CONVERSION = YES;
				CLANG_WARN_INFINITE_RECURSION = YES;
				CLANG_WARN_INT_CONVERSION = YES;
				CLANG_WARN_NON_LITERAL_NULL_CONVERSION = YES;
				CLANG_WARN_OBJC_IMPLICIT_RETAIN_SELF = YES;
				CLANG_WARN_OBJC_LITERAL_CONVERSION = YES;
				CLANG_WARN_OBJC_ROOT_CLASS = YES_ERROR;
				CLANG_WARN_QUOTED_INCLUDE_IN_FRAMEWORK_HEADER = YES;
				CLANG_WARN_RANGE_LOOP_ANALYSIS = YES;
				CLANG_WARN_STRICT_PROTOTYPES = YES;
				CLANG_WARN_SUSPICIOUS_MOVE = YES;
				CLANG_WARN_UNGUARDED_AVAILABILITY = YES_AGGRESSIVE;
				CLANG_WARN_UNREACHABLE_CODE = YES;
				CLANG_WARN__DUPLICATE_METHOD_MATCH = YES;
				COPY_PHASE_STRIP = NO;
				DEBUG_INFORMATION_FORMAT = "dwarf-with-dsym";
				ENABLE_NS_ASSERTIONS = NO;
				ENABLE_STRICT_OBJC_MSGSEND = YES;
				GCC_C_LANGUAGE_STANDARD = gnu11;
				GCC_NO_COMMON_BLOCKS = YES;
				GCC_WARN_64_TO_32_BIT_CONVERSION = YES;
				GCC_WARN_ABOUT_RETURN_TYPE = YES_ERROR;
				GCC_WARN_UNDECLARED_SELECTOR = YES;
				GCC_WARN_UNINITIALIZED_AUTOS = YES_AGGRESSIVE;
				GCC_WARN_UNUSED_FUNCTION = YES;
				GCC_WARN_UNUSED_VARIABLE = YES;
				IPHONEOS_DEPLOYMENT_TARGET = 14.4;
				MTL_ENABLE_DEBUG_INFO = NO;
				MTL_FAST_MATH = YES;
				SDKROOT = iphoneos;
				SWIFT_COMPILATION_MODE = wholemodule;
				SWIFT_OPTIMIZATION_LEVEL = "-O";
				VALIDATE_PRODUCT = YES;
			};
			name = Release;
		};
		84F983742639F1E900628EA7 /* Debug */ = {
			isa = XCBuildConfiguration;
			baseConfigurationReference = 99FC96B3C451DD18EC230BBB /* Pods-Quest_game.debug.xcconfig */;
			buildSettings = {
				ASSETCATALOG_COMPILER_APPICON_NAME = AppIcon;
				ASSETCATALOG_COMPILER_GLOBAL_ACCENT_COLOR_NAME = AccentColor;
				CODE_SIGN_STYLE = Automatic;
				INFOPLIST_FILE = Quest_game/Info.plist;
				LD_RUNPATH_SEARCH_PATHS = (
					"$(inherited)",
					"@executable_path/Frameworks",
				);
				PRODUCT_BUNDLE_IDENTIFIER = "com.tp.group13.Quest-game";
				PRODUCT_NAME = "$(TARGET_NAME)";
				SWIFT_VERSION = 5.0;
				TARGETED_DEVICE_FAMILY = "1,2";
			};
			name = Debug;
		};
		84F983752639F1E900628EA7 /* Release */ = {
			isa = XCBuildConfiguration;
			baseConfigurationReference = 0BB6C46A79D5D0DA9C35CCEC /* Pods-Quest_game.release.xcconfig */;
			buildSettings = {
				ASSETCATALOG_COMPILER_APPICON_NAME = AppIcon;
				ASSETCATALOG_COMPILER_GLOBAL_ACCENT_COLOR_NAME = AccentColor;
				CODE_SIGN_STYLE = Automatic;
				INFOPLIST_FILE = Quest_game/Info.plist;
				LD_RUNPATH_SEARCH_PATHS = (
					"$(inherited)",
					"@executable_path/Frameworks",
				);
				PRODUCT_BUNDLE_IDENTIFIER = "com.tp.group13.Quest-game";
				PRODUCT_NAME = "$(TARGET_NAME)";
				SWIFT_VERSION = 5.0;
				TARGETED_DEVICE_FAMILY = "1,2";
			};
			name = Release;
		};
/* End XCBuildConfiguration section */

/* Begin XCConfigurationList section */
		84F9835A2639F1E800628EA7 /* Build configuration list for PBXProject "Quest_game" */ = {
			isa = XCConfigurationList;
			buildConfigurations = (
				84F983712639F1E900628EA7 /* Debug */,
				84F983722639F1E900628EA7 /* Release */,
			);
			defaultConfigurationIsVisible = 0;
			defaultConfigurationName = Release;
		};
		84F983732639F1E900628EA7 /* Build configuration list for PBXNativeTarget "Quest_game" */ = {
			isa = XCConfigurationList;
			buildConfigurations = (
				84F983742639F1E900628EA7 /* Debug */,
				84F983752639F1E900628EA7 /* Release */,
			);
			defaultConfigurationIsVisible = 0;
			defaultConfigurationName = Release;
		};
/* End XCConfigurationList section */
	};
	rootObject = 84F983572639F1E800628EA7 /* Project object */;
}
